// !$*UTF8*$!
{
	archiveVersion = 1;
	classes = {
	};
	objectVersion = 46;
	objects = {

/* Begin PBXBuildFile section */
		9350D7EC1D69CB2D00EC0EAD /* main.m in Sources */ = {isa = PBXBuildFile; fileRef = 9350D7EB1D69CB2D00EC0EAD /* main.m */; };
		9350D7EF1D69CB2D00EC0EAD /* AppDelegate.m in Sources */ = {isa = PBXBuildFile; fileRef = 9350D7EE1D69CB2D00EC0EAD /* AppDelegate.m */; };
		9350D7F21D69CB2D00EC0EAD /* ViewController.m in Sources */ = {isa = PBXBuildFile; fileRef = 9350D7F11D69CB2D00EC0EAD /* ViewController.m */; };
		9350D7F51D69CB2D00EC0EAD /* Main.storyboard in Resources */ = {isa = PBXBuildFile; fileRef = 9350D7F31D69CB2D00EC0EAD /* Main.storyboard */; };
		9350D7F71D69CB2D00EC0EAD /* Assets.xcassets in Resources */ = {isa = PBXBuildFile; fileRef = 9350D7F61D69CB2D00EC0EAD /* Assets.xcassets */; };
		9350D7FA1D69CB2D00EC0EAD /* LaunchScreen.storyboard in Resources */ = {isa = PBXBuildFile; fileRef = 9350D7F81D69CB2D00EC0EAD /* LaunchScreen.storyboard */; };
		9350DC761D69CBFE00EC0EAD /* Info.plist in Resources */ = {isa = PBXBuildFile; fileRef = 9350DC5C1D69CBFE00EC0EAD /* Info.plist */; };
		9350DC771D69CBFE00EC0EAD /* MASCompositeConstraint.m in Sources */ = {isa = PBXBuildFile; fileRef = 9350DC5E1D69CBFE00EC0EAD /* MASCompositeConstraint.m */; };
		9350DC781D69CBFE00EC0EAD /* MASConstraint.m in Sources */ = {isa = PBXBuildFile; fileRef = 9350DC611D69CBFE00EC0EAD /* MASConstraint.m */; };
		9350DC791D69CBFE00EC0EAD /* MASConstraintMaker.m in Sources */ = {isa = PBXBuildFile; fileRef = 9350DC631D69CBFE00EC0EAD /* MASConstraintMaker.m */; };
		9350DC7A1D69CBFE00EC0EAD /* MASLayoutConstraint.m in Sources */ = {isa = PBXBuildFile; fileRef = 9350DC651D69CBFE00EC0EAD /* MASLayoutConstraint.m */; };
		9350DC7B1D69CBFE00EC0EAD /* MASViewAttribute.m in Sources */ = {isa = PBXBuildFile; fileRef = 9350DC691D69CBFE00EC0EAD /* MASViewAttribute.m */; };
		9350DC7C1D69CBFE00EC0EAD /* MASViewConstraint.m in Sources */ = {isa = PBXBuildFile; fileRef = 9350DC6B1D69CBFE00EC0EAD /* MASViewConstraint.m */; };
		9350DC7D1D69CBFE00EC0EAD /* NSArray+MASAdditions.m in Sources */ = {isa = PBXBuildFile; fileRef = 9350DC6D1D69CBFE00EC0EAD /* NSArray+MASAdditions.m */; };
		9350DC7E1D69CBFE00EC0EAD /* NSLayoutConstraint+MASDebugAdditions.m in Sources */ = {isa = PBXBuildFile; fileRef = 9350DC701D69CBFE00EC0EAD /* NSLayoutConstraint+MASDebugAdditions.m */; };
		9350DC7F1D69CBFE00EC0EAD /* View+MASAdditions.m in Sources */ = {isa = PBXBuildFile; fileRef = 9350DC721D69CBFE00EC0EAD /* View+MASAdditions.m */; };
		9350DC801D69CBFE00EC0EAD /* ViewController+MASAdditions.m in Sources */ = {isa = PBXBuildFile; fileRef = 9350DC751D69CBFE00EC0EAD /* ViewController+MASAdditions.m */; };
		9350DC971D69D0E100EC0EAD /* buyao.wav in Resources */ = {isa = PBXBuildFile; fileRef = 9350DC821D69D0E100EC0EAD /* buyao.wav */; };
		9350DC981D69D0E100EC0EAD /* chatcome.wav in Resources */ = {isa = PBXBuildFile; fileRef = 9350DC831D69D0E100EC0EAD /* chatcome.wav */; };
		9350DC991D69D0E100EC0EAD /* G.E.M. 邓紫棋 - 泡沫.mp3 in Resources */ = {isa = PBXBuildFile; fileRef = 9350DC841D69D0E100EC0EAD /* G.E.M. 邓紫棋 - 泡沫.mp3 */; };
		9350DC9A1D69D0E100EC0EAD /* I'm yours.lrc in Resources */ = {isa = PBXBuildFile; fileRef = 9350DC851D69D0E100EC0EAD /* I'm yours.lrc */; };
		9350DC9B1D69D0E100EC0EAD /* Jason Mraz - I'm Yours.mp3 in Resources */ = {isa = PBXBuildFile; fileRef = 9350DC861D69D0E100EC0EAD /* Jason Mraz - I'm Yours.mp3 */; };
		9350DC9C1D69D0E100EC0EAD /* jason.jpg in Resources */ = {isa = PBXBuildFile; fileRef = 9350DC871D69D0E100EC0EAD /* jason.jpg */; };
		9350DC9D1D69D0E100EC0EAD /* lamazhengzhuan.jpg in Resources */ = {isa = PBXBuildFile; fileRef = 9350DC881D69D0E100EC0EAD /* lamazhengzhuan.jpg */; };
		9350DC9E1D69D0E100EC0EAD /* Owl City - The Saltwater Room.mp3 in Resources */ = {isa = PBXBuildFile; fileRef = 9350DC891D69D0E100EC0EAD /* Owl City - The Saltwater Room.mp3 */; };
		9350DC9F1D69D0E100EC0EAD /* paomo.jpg in Resources */ = {isa = PBXBuildFile; fileRef = 9350DC8A1D69D0E100EC0EAD /* paomo.jpg */; };
		9350DCA01D69D0E100EC0EAD /* st.jpg in Resources */ = {isa = PBXBuildFile; fileRef = 9350DC8B1D69D0E100EC0EAD /* st.jpg */; };
		9350DCA11D69D0E100EC0EAD /* test.wav in Resources */ = {isa = PBXBuildFile; fileRef = 9350DC8C1D69D0E100EC0EAD /* test.wav */; };
		9350DCA21D69D0E100EC0EAD /* The salt water room.lrc in Resources */ = {isa = PBXBuildFile; fileRef = 9350DC8D1D69D0E100EC0EAD /* The salt water room.lrc */; };
		9350DCA31D69D0E100EC0EAD /* xpg.jpg in Resources */ = {isa = PBXBuildFile; fileRef = 9350DC8E1D69D0E100EC0EAD /* xpg.jpg */; };
		9350DCA41D69D0E100EC0EAD /* 小苹果.lrc in Resources */ = {isa = PBXBuildFile; fileRef = 9350DC8F1D69D0E100EC0EAD /* 小苹果.lrc */; };
		9350DCA51D69D0E100EC0EAD /* 小苹果.mp3 in Resources */ = {isa = PBXBuildFile; fileRef = 9350DC901D69D0E100EC0EAD /* 小苹果.mp3 */; };
		9350DCA61D69D0E100EC0EAD /* 张译 - 稳稳的幸福.mp3 in Resources */ = {isa = PBXBuildFile; fileRef = 9350DC911D69D0E100EC0EAD /* 张译 - 稳稳的幸福.mp3 */; };
		9350DCA71D69D0E100EC0EAD /* 月半小夜曲.lrc in Resources */ = {isa = PBXBuildFile; fileRef = 9350DC921D69D0E100EC0EAD /* 月半小夜曲.lrc */; };
		9350DCA81D69D0E100EC0EAD /* 李克勤 - 月半小夜曲.mp3 in Resources */ = {isa = PBXBuildFile; fileRef = 9350DC931D69D0E100EC0EAD /* 李克勤 - 月半小夜曲.mp3 */; };
		9350DCA91D69D0E100EC0EAD /* 李克勤.jpg in Resources */ = {isa = PBXBuildFile; fileRef = 9350DC941D69D0E100EC0EAD /* 李克勤.jpg */; };
		9350DCAA1D69D0E100EC0EAD /* 泡沫.lrc in Resources */ = {isa = PBXBuildFile; fileRef = 9350DC951D69D0E100EC0EAD /* 泡沫.lrc */; };
		9350DCAB1D69D0E100EC0EAD /* 稳稳的幸福.lrc in Resources */ = {isa = PBXBuildFile; fileRef = 9350DC961D69D0E100EC0EAD /* 稳稳的幸福.lrc */; };
/* End PBXBuildFile section */

/* Begin PBXFileReference section */
		9350D7E71D69CB2D00EC0EAD /* sizeClass代码.app */ = {isa = PBXFileReference; explicitFileType = wrapper.application; includeInIndex = 0; path = "sizeClass代码.app"; sourceTree = BUILT_PRODUCTS_DIR; };
		9350D7EB1D69CB2D00EC0EAD /* main.m */ = {isa = PBXFileReference; lastKnownFileType = sourcecode.c.objc; path = main.m; sourceTree = "<group>"; };
		9350D7ED1D69CB2D00EC0EAD /* AppDelegate.h */ = {isa = PBXFileReference; lastKnownFileType = sourcecode.c.h; path = AppDelegate.h; sourceTree = "<group>"; };
		9350D7EE1D69CB2D00EC0EAD /* AppDelegate.m */ = {isa = PBXFileReference; lastKnownFileType = sourcecode.c.objc; path = AppDelegate.m; sourceTree = "<group>"; };
		9350D7F01D69CB2D00EC0EAD /* ViewController.h */ = {isa = PBXFileReference; lastKnownFileType = sourcecode.c.h; path = ViewController.h; sourceTree = "<group>"; };
		9350D7F11D69CB2D00EC0EAD /* ViewController.m */ = {isa = PBXFileReference; lastKnownFileType = sourcecode.c.objc; path = ViewController.m; sourceTree = "<group>"; };
		9350D7F41D69CB2D00EC0EAD /* Base */ = {isa = PBXFileReference; lastKnownFileType = file.storyboard; name = Base; path = Base.lproj/Main.storyboard; sourceTree = "<group>"; };
		9350D7F61D69CB2D00EC0EAD /* Assets.xcassets */ = {isa = PBXFileReference; lastKnownFileType = folder.assetcatalog; path = Assets.xcassets; sourceTree = "<group>"; };
		9350D7F91D69CB2D00EC0EAD /* Base */ = {isa = PBXFileReference; lastKnownFileType = file.storyboard; name = Base; path = Base.lproj/LaunchScreen.storyboard; sourceTree = "<group>"; };
		9350D7FB1D69CB2D00EC0EAD /* Info.plist */ = {isa = PBXFileReference; lastKnownFileType = text.plist.xml; path = Info.plist; sourceTree = "<group>"; };
		9350DC5C1D69CBFE00EC0EAD /* Info.plist */ = {isa = PBXFileReference; fileEncoding = 4; lastKnownFileType = text.plist.xml; path = Info.plist; sourceTree = "<group>"; };
		9350DC5D1D69CBFE00EC0EAD /* MASCompositeConstraint.h */ = {isa = PBXFileReference; fileEncoding = 4; lastKnownFileType = sourcecode.c.h; path = MASCompositeConstraint.h; sourceTree = "<group>"; };
		9350DC5E1D69CBFE00EC0EAD /* MASCompositeConstraint.m */ = {isa = PBXFileReference; fileEncoding = 4; lastKnownFileType = sourcecode.c.objc; path = MASCompositeConstraint.m; sourceTree = "<group>"; };
		9350DC5F1D69CBFE00EC0EAD /* MASConstraint+Private.h */ = {isa = PBXFileReference; fileEncoding = 4; lastKnownFileType = sourcecode.c.h; path = "MASConstraint+Private.h"; sourceTree = "<group>"; };
		9350DC601D69CBFE00EC0EAD /* MASConstraint.h */ = {isa = PBXFileReference; fileEncoding = 4; lastKnownFileType = sourcecode.c.h; path = MASConstraint.h; sourceTree = "<group>"; };
		9350DC611D69CBFE00EC0EAD /* MASConstraint.m */ = {isa = PBXFileReference; fileEncoding = 4; lastKnownFileType = sourcecode.c.objc; path = MASConstraint.m; sourceTree = "<group>"; };
		9350DC621D69CBFE00EC0EAD /* MASConstraintMaker.h */ = {isa = PBXFileReference; fileEncoding = 4; lastKnownFileType = sourcecode.c.h; path = MASConstraintMaker.h; sourceTree = "<group>"; };
		9350DC631D69CBFE00EC0EAD /* MASConstraintMaker.m */ = {isa = PBXFileReference; fileEncoding = 4; lastKnownFileType = sourcecode.c.objc; path = MASConstraintMaker.m; sourceTree = "<group>"; };
		9350DC641D69CBFE00EC0EAD /* MASLayoutConstraint.h */ = {isa = PBXFileReference; fileEncoding = 4; lastKnownFileType = sourcecode.c.h; path = MASLayoutConstraint.h; sourceTree = "<group>"; };
		9350DC651D69CBFE00EC0EAD /* MASLayoutConstraint.m */ = {isa = PBXFileReference; fileEncoding = 4; lastKnownFileType = sourcecode.c.objc; path = MASLayoutConstraint.m; sourceTree = "<group>"; };
		9350DC661D69CBFE00EC0EAD /* Masonry.h */ = {isa = PBXFileReference; fileEncoding = 4; lastKnownFileType = sourcecode.c.h; path = Masonry.h; sourceTree = "<group>"; };
		9350DC671D69CBFE00EC0EAD /* MASUtilities.h */ = {isa = PBXFileReference; fileEncoding = 4; lastKnownFileType = sourcecode.c.h; path = MASUtilities.h; sourceTree = "<group>"; };
		9350DC681D69CBFE00EC0EAD /* MASViewAttribute.h */ = {isa = PBXFileReference; fileEncoding = 4; lastKnownFileType = sourcecode.c.h; path = MASViewAttribute.h; sourceTree = "<group>"; };
		9350DC691D69CBFE00EC0EAD /* MASViewAttribute.m */ = {isa = PBXFileReference; fileEncoding = 4; lastKnownFileType = sourcecode.c.objc; path = MASViewAttribute.m; sourceTree = "<group>"; };
		9350DC6A1D69CBFE00EC0EAD /* MASViewConstraint.h */ = {isa = PBXFileReference; fileEncoding = 4; lastKnownFileType = sourcecode.c.h; path = MASViewConstraint.h; sourceTree = "<group>"; };
		9350DC6B1D69CBFE00EC0EAD /* MASViewConstraint.m */ = {isa = PBXFileReference; fileEncoding = 4; lastKnownFileType = sourcecode.c.objc; path = MASViewConstraint.m; sourceTree = "<group>"; };
		9350DC6C1D69CBFE00EC0EAD /* NSArray+MASAdditions.h */ = {isa = PBXFileReference; fileEncoding = 4; lastKnownFileType = sourcecode.c.h; path = "NSArray+MASAdditions.h"; sourceTree = "<group>"; };
		9350DC6D1D69CBFE00EC0EAD /* NSArray+MASAdditions.m */ = {isa = PBXFileReference; fileEncoding = 4; lastKnownFileType = sourcecode.c.objc; path = "NSArray+MASAdditions.m"; sourceTree = "<group>"; };
		9350DC6E1D69CBFE00EC0EAD /* NSArray+MASShorthandAdditions.h */ = {isa = PBXFileReference; fileEncoding = 4; lastKnownFileType = sourcecode.c.h; path = "NSArray+MASShorthandAdditions.h"; sourceTree = "<group>"; };
		9350DC6F1D69CBFE00EC0EAD /* NSLayoutConstraint+MASDebugAdditions.h */ = {isa = PBXFileReference; fileEncoding = 4; lastKnownFileType = sourcecode.c.h; path = "NSLayoutConstraint+MASDebugAdditions.h"; sourceTree = "<group>"; };
		9350DC701D69CBFE00EC0EAD /* NSLayoutConstraint+MASDebugAdditions.m */ = {isa = PBXFileReference; fileEncoding = 4; lastKnownFileType = sourcecode.c.objc; path = "NSLayoutConstraint+MASDebugAdditions.m"; sourceTree = "<group>"; };
		9350DC711D69CBFE00EC0EAD /* View+MASAdditions.h */ = {isa = PBXFileReference; fileEncoding = 4; lastKnownFileType = sourcecode.c.h; path = "View+MASAdditions.h"; sourceTree = "<group>"; };
		9350DC721D69CBFE00EC0EAD /* View+MASAdditions.m */ = {isa = PBXFileReference; fileEncoding = 4; lastKnownFileType = sourcecode.c.objc; path = "View+MASAdditions.m"; sourceTree = "<group>"; };
		9350DC731D69CBFE00EC0EAD /* View+MASShorthandAdditions.h */ = {isa = PBXFileReference; fileEncoding = 4; lastKnownFileType = sourcecode.c.h; path = "View+MASShorthandAdditions.h"; sourceTree = "<group>"; };
		9350DC741D69CBFE00EC0EAD /* ViewController+MASAdditions.h */ = {isa = PBXFileReference; fileEncoding = 4; lastKnownFileType = sourcecode.c.h; path = "ViewController+MASAdditions.h"; sourceTree = "<group>"; };
		9350DC751D69CBFE00EC0EAD /* ViewController+MASAdditions.m */ = {isa = PBXFileReference; fileEncoding = 4; lastKnownFileType = sourcecode.c.objc; path = "ViewController+MASAdditions.m"; sourceTree = "<group>"; };
		9350DC821D69D0E100EC0EAD /* buyao.wav */ = {isa = PBXFileReference; lastKnownFileType = audio.wav; path = buyao.wav; sourceTree = "<group>"; };
		9350DC831D69D0E100EC0EAD /* chatcome.wav */ = {isa = PBXFileReference; lastKnownFileType = audio.wav; path = chatcome.wav; sourceTree = "<group>"; };
		9350DC841D69D0E100EC0EAD /* G.E.M. 邓紫棋 - 泡沫.mp3 */ = {isa = PBXFileReference; lastKnownFileType = audio.mp3; path = "G.E.M. 邓紫棋 - 泡沫.mp3"; sourceTree = "<group>"; };
		9350DC851D69D0E100EC0EAD /* I'm yours.lrc */ = {isa = PBXFileReference; fileEncoding = 4; lastKnownFileType = text; path = "I'm yours.lrc"; sourceTree = "<group>"; };
		9350DC861D69D0E100EC0EAD /* Jason Mraz - I'm Yours.mp3 */ = {isa = PBXFileReference; lastKnownFileType = audio.mp3; path = "Jason Mraz - I'm Yours.mp3"; sourceTree = "<group>"; };
		9350DC871D69D0E100EC0EAD /* jason.jpg */ = {isa = PBXFileReference; lastKnownFileType = image.jpeg; path = jason.jpg; sourceTree = "<group>"; };
		9350DC881D69D0E100EC0EAD /* lamazhengzhuan.jpg */ = {isa = PBXFileReference; lastKnownFileType = image.jpeg; path = lamazhengzhuan.jpg; sourceTree = "<group>"; };
		9350DC891D69D0E100EC0EAD /* Owl City - The Saltwater Room.mp3 */ = {isa = PBXFileReference; lastKnownFileType = audio.mp3; path = "Owl City - The Saltwater Room.mp3"; sourceTree = "<group>"; };
		9350DC8A1D69D0E100EC0EAD /* paomo.jpg */ = {isa = PBXFileReference; lastKnownFileType = image.jpeg; path = paomo.jpg; sourceTree = "<group>"; };
		9350DC8B1D69D0E100EC0EAD /* st.jpg */ = {isa = PBXFileReference; lastKnownFileType = image.jpeg; path = st.jpg; sourceTree = "<group>"; };
		9350DC8C1D69D0E100EC0EAD /* test.wav */ = {isa = PBXFileReference; lastKnownFileType = audio.wav; path = test.wav; sourceTree = "<group>"; };
		9350DC8D1D69D0E100EC0EAD /* The salt water room.lrc */ = {isa = PBXFileReference; fileEncoding = 4; lastKnownFileType = text; path = "The salt water room.lrc"; sourceTree = "<group>"; };
		9350DC8E1D69D0E100EC0EAD /* xpg.jpg */ = {isa = PBXFileReference; lastKnownFileType = image.jpeg; path = xpg.jpg; sourceTree = "<group>"; };
		9350DC8F1D69D0E100EC0EAD /* 小苹果.lrc */ = {isa = PBXFileReference; fileEncoding = 4; lastKnownFileType = text; path = "小苹果.lrc"; sourceTree = "<group>"; };
		9350DC901D69D0E100EC0EAD /* 小苹果.mp3 */ = {isa = PBXFileReference; lastKnownFileType = audio.mp3; path = "小苹果.mp3"; sourceTree = "<group>"; };
		9350DC911D69D0E100EC0EAD /* 张译 - 稳稳的幸福.mp3 */ = {isa = PBXFileReference; lastKnownFileType = audio.mp3; path = "张译 - 稳稳的幸福.mp3"; sourceTree = "<group>"; };
		9350DC921D69D0E100EC0EAD /* 月半小夜曲.lrc */ = {isa = PBXFileReference; fileEncoding = 4; lastKnownFileType = text; path = "月半小夜曲.lrc"; sourceTree = "<group>"; };
		9350DC931D69D0E100EC0EAD /* 李克勤 - 月半小夜曲.mp3 */ = {isa = PBXFileReference; lastKnownFileType = audio.mp3; path = "李克勤 - 月半小夜曲.mp3"; sourceTree = "<group>"; };
		9350DC941D69D0E100EC0EAD /* 李克勤.jpg */ = {isa = PBXFileReference; lastKnownFileType = image.jpeg; path = "李克勤.jpg"; sourceTree = "<group>"; };
		9350DC951D69D0E100EC0EAD /* 泡沫.lrc */ = {isa = PBXFileReference; fileEncoding = 4; lastKnownFileType = text; path = "泡沫.lrc"; sourceTree = "<group>"; };
		9350DC961D69D0E100EC0EAD /* 稳稳的幸福.lrc */ = {isa = PBXFileReference; fileEncoding = 4; lastKnownFileType = text; path = "稳稳的幸福.lrc"; sourceTree = "<group>"; };
/* End PBXFileReference section */

/* Begin PBXFrameworksBuildPhase section */
		9350D7E41D69CB2D00EC0EAD /* Frameworks */ = {
			isa = PBXFrameworksBuildPhase;
			buildActionMask = 2147483647;
			files = (
			);
			runOnlyForDeploymentPostprocessing = 0;
		};
/* End PBXFrameworksBuildPhase section */

/* Begin PBXGroup section */
		9350D7DE1D69CB2D00EC0EAD = {
			isa = PBXGroup;
			children = (
				9350D7E91D69CB2D00EC0EAD /* sizeClass代码 */,
				9350D7E81D69CB2D00EC0EAD /* Products */,
			);
			sourceTree = "<group>";
		};
		9350D7E81D69CB2D00EC0EAD /* Products */ = {
			isa = PBXGroup;
			children = (
				9350D7E71D69CB2D00EC0EAD /* sizeClass代码.app */,
			);
			name = Products;
			sourceTree = "<group>";
		};
		9350D7E91D69CB2D00EC0EAD /* sizeClass代码 */ = {
			isa = PBXGroup;
			children = (
				9350DC5B1D69CBFE00EC0EAD /* Masonry */,
				9350D7ED1D69CB2D00EC0EAD /* AppDelegate.h */,
				9350D7EE1D69CB2D00EC0EAD /* AppDelegate.m */,
				9350D7F01D69CB2D00EC0EAD /* ViewController.h */,
				9350D7F11D69CB2D00EC0EAD /* ViewController.m */,
				9350D7F31D69CB2D00EC0EAD /* Main.storyboard */,
				9350D7F61D69CB2D00EC0EAD /* Assets.xcassets */,
				9350D7F81D69CB2D00EC0EAD /* LaunchScreen.storyboard */,
				9350D7FB1D69CB2D00EC0EAD /* Info.plist */,
				9350D7EA1D69CB2D00EC0EAD /* Supporting Files */,
			);
			path = "sizeClass代码";
			sourceTree = "<group>";
		};
		9350D7EA1D69CB2D00EC0EAD /* Supporting Files */ = {
			isa = PBXGroup;
			children = (
				9350DC811D69D0E100EC0EAD /* Assets */,
				9350D7EB1D69CB2D00EC0EAD /* main.m */,
			);
			name = "Supporting Files";
			sourceTree = "<group>";
		};
		9350DC5B1D69CBFE00EC0EAD /* Masonry */ = {
			isa = PBXGroup;
			children = (
				9350DC5C1D69CBFE00EC0EAD /* Info.plist */,
				9350DC5D1D69CBFE00EC0EAD /* MASCompositeConstraint.h */,
				9350DC5E1D69CBFE00EC0EAD /* MASCompositeConstraint.m */,
				9350DC5F1D69CBFE00EC0EAD /* MASConstraint+Private.h */,
				9350DC601D69CBFE00EC0EAD /* MASConstraint.h */,
				9350DC611D69CBFE00EC0EAD /* MASConstraint.m */,
				9350DC621D69CBFE00EC0EAD /* MASConstraintMaker.h */,
				9350DC631D69CBFE00EC0EAD /* MASConstraintMaker.m */,
				9350DC641D69CBFE00EC0EAD /* MASLayoutConstraint.h */,
				9350DC651D69CBFE00EC0EAD /* MASLayoutConstraint.m */,
				9350DC661D69CBFE00EC0EAD /* Masonry.h */,
				9350DC671D69CBFE00EC0EAD /* MASUtilities.h */,
				9350DC681D69CBFE00EC0EAD /* MASViewAttribute.h */,
				9350DC691D69CBFE00EC0EAD /* MASViewAttribute.m */,
				9350DC6A1D69CBFE00EC0EAD /* MASViewConstraint.h */,
				9350DC6B1D69CBFE00EC0EAD /* MASViewConstraint.m */,
				9350DC6C1D69CBFE00EC0EAD /* NSArray+MASAdditions.h */,
				9350DC6D1D69CBFE00EC0EAD /* NSArray+MASAdditions.m */,
				9350DC6E1D69CBFE00EC0EAD /* NSArray+MASShorthandAdditions.h */,
				9350DC6F1D69CBFE00EC0EAD /* NSLayoutConstraint+MASDebugAdditions.h */,
				9350DC701D69CBFE00EC0EAD /* NSLayoutConstraint+MASDebugAdditions.m */,
				9350DC711D69CBFE00EC0EAD /* View+MASAdditions.h */,
				9350DC721D69CBFE00EC0EAD /* View+MASAdditions.m */,
				9350DC731D69CBFE00EC0EAD /* View+MASShorthandAdditions.h */,
				9350DC741D69CBFE00EC0EAD /* ViewController+MASAdditions.h */,
				9350DC751D69CBFE00EC0EAD /* ViewController+MASAdditions.m */,
			);
			path = Masonry;
			sourceTree = "<group>";
		};
		9350DC811D69D0E100EC0EAD /* Assets */ = {
			isa = PBXGroup;
			children = (
				9350DC821D69D0E100EC0EAD /* buyao.wav */,
				9350DC831D69D0E100EC0EAD /* chatcome.wav */,
				9350DC841D69D0E100EC0EAD /* G.E.M. 邓紫棋 - 泡沫.mp3 */,
				9350DC851D69D0E100EC0EAD /* I'm yours.lrc */,
				9350DC861D69D0E100EC0EAD /* Jason Mraz - I'm Yours.mp3 */,
				9350DC871D69D0E100EC0EAD /* jason.jpg */,
				9350DC881D69D0E100EC0EAD /* lamazhengzhuan.jpg */,
				9350DC891D69D0E100EC0EAD /* Owl City - The Saltwater Room.mp3 */,
				9350DC8A1D69D0E100EC0EAD /* paomo.jpg */,
				9350DC8B1D69D0E100EC0EAD /* st.jpg */,
				9350DC8C1D69D0E100EC0EAD /* test.wav */,
				9350DC8D1D69D0E100EC0EAD /* The salt water room.lrc */,
				9350DC8E1D69D0E100EC0EAD /* xpg.jpg */,
				9350DC8F1D69D0E100EC0EAD /* 小苹果.lrc */,
				9350DC901D69D0E100EC0EAD /* 小苹果.mp3 */,
				9350DC911D69D0E100EC0EAD /* 张译 - 稳稳的幸福.mp3 */,
				9350DC921D69D0E100EC0EAD /* 月半小夜曲.lrc */,
				9350DC931D69D0E100EC0EAD /* 李克勤 - 月半小夜曲.mp3 */,
				9350DC941D69D0E100EC0EAD /* 李克勤.jpg */,
				9350DC951D69D0E100EC0EAD /* 泡沫.lrc */,
				9350DC961D69D0E100EC0EAD /* 稳稳的幸福.lrc */,
			);
			path = Assets;
			sourceTree = "<group>";
		};
/* End PBXGroup section */

/* Begin PBXNativeTarget section */
		9350D7E61D69CB2D00EC0EAD /* sizeClass代码 */ = {
			isa = PBXNativeTarget;
			buildConfigurationList = 9350D7FE1D69CB2D00EC0EAD /* Build configuration list for PBXNativeTarget "sizeClass代码" */;
			buildPhases = (
				9350D7E31D69CB2D00EC0EAD /* Sources */,
				9350D7E41D69CB2D00EC0EAD /* Frameworks */,
				9350D7E51D69CB2D00EC0EAD /* Resources */,
			);
			buildRules = (
			);
			dependencies = (
			);
			name = "sizeClass代码";
			productName = "sizeClass代码";
			productReference = 9350D7E71D69CB2D00EC0EAD /* sizeClass代码.app */;
			productType = "com.apple.product-type.application";
		};
/* End PBXNativeTarget section */

/* Begin PBXProject section */
		9350D7DF1D69CB2D00EC0EAD /* Project object */ = {
			isa = PBXProject;
			attributes = {
				LastUpgradeCheck = 0730;
				ORGANIZATIONNAME = rujianbin;
				TargetAttributes = {
					9350D7E61D69CB2D00EC0EAD = {
						CreatedOnToolsVersion = 7.3;
					};
				};
			};
			buildConfigurationList = 9350D7E21D69CB2D00EC0EAD /* Build configuration list for PBXProject "sizeClass代码" */;
			compatibilityVersion = "Xcode 3.2";
			developmentRegion = English;
			hasScannedForEncodings = 0;
			knownRegions = (
				en,
				Base,
			);
			mainGroup = 9350D7DE1D69CB2D00EC0EAD;
			productRefGroup = 9350D7E81D69CB2D00EC0EAD /* Products */;
			projectDirPath = "";
			projectRoot = "";
			targets = (
				9350D7E61D69CB2D00EC0EAD /* sizeClass代码 */,
			);
		};
/* End PBXProject section */

/* Begin PBXResourcesBuildPhase section */
		9350D7E51D69CB2D00EC0EAD /* Resources */ = {
			isa = PBXResourcesBuildPhase;
			buildActionMask = 2147483647;
			files = (
				9350DCA11D69D0E100EC0EAD /* test.wav in Resources */,
				9350DC9B1D69D0E100EC0EAD /* Jason Mraz - I'm Yours.mp3 in Resources */,
				9350DC981D69D0E100EC0EAD /* chatcome.wav in Resources */,
				9350DCAB1D69D0E100EC0EAD /* 稳稳的幸福.lrc in Resources */,
				9350DCA71D69D0E100EC0EAD /* 月半小夜曲.lrc in Resources */,
				9350DC9D1D69D0E100EC0EAD /* lamazhengzhuan.jpg in Resources */,
				9350DCA91D69D0E100EC0EAD /* 李克勤.jpg in Resources */,
				9350DC761D69CBFE00EC0EAD /* Info.plist in Resources */,
				9350DCA01D69D0E100EC0EAD /* st.jpg in Resources */,
				9350DC9E1D69D0E100EC0EAD /* Owl City - The Saltwater Room.mp3 in Resources */,
				9350DCAA1D69D0E100EC0EAD /* 泡沫.lrc in Resources */,
				9350DCA61D69D0E100EC0EAD /* 张译 - 稳稳的幸福.mp3 in Resources */,
				9350DC9C1D69D0E100EC0EAD /* jason.jpg in Resources */,
				9350D7FA1D69CB2D00EC0EAD /* LaunchScreen.storyboard in Resources */,
				9350DC9A1D69D0E100EC0EAD /* I'm yours.lrc in Resources */,
				9350DC991D69D0E100EC0EAD /* G.E.M. 邓紫棋 - 泡沫.mp3 in Resources */,
				9350DCA31D69D0E100EC0EAD /* xpg.jpg in Resources */,
				9350DCA41D69D0E100EC0EAD /* 小苹果.lrc in Resources */,
				9350DCA21D69D0E100EC0EAD /* The salt water room.lrc in Resources */,
				9350DCA81D69D0E100EC0EAD /* 李克勤 - 月半小夜曲.mp3 in Resources */,
				9350DC971D69D0E100EC0EAD /* buyao.wav in Resources */,
				9350DCA51D69D0E100EC0EAD /* 小苹果.mp3 in Resources */,
				9350D7F71D69CB2D00EC0EAD /* Assets.xcassets in Resources */,
				9350D7F51D69CB2D00EC0EAD /* Main.storyboard in Resources */,
				9350DC9F1D69D0E100EC0EAD /* paomo.jpg in Resources */,
			);
			runOnlyForDeploymentPostprocessing = 0;
		};
/* End PBXResourcesBuildPhase section */

/* Begin PBXSourcesBuildPhase section */
		9350D7E31D69CB2D00EC0EAD /* Sources */ = {
			isa = PBXSourcesBuildPhase;
			buildActionMask = 2147483647;
			files = (
				9350DC7E1D69CBFE00EC0EAD /* NSLayoutConstraint+MASDebugAdditions.m in Sources */,
				9350DC7C1D69CBFE00EC0EAD /* MASViewConstraint.m in Sources */,
				9350DC771D69CBFE00EC0EAD /* MASCompositeConstraint.m in Sources */,
				9350DC7D1D69CBFE00EC0EAD /* NSArray+MASAdditions.m in Sources */,
				9350D7F21D69CB2D00EC0EAD /* ViewController.m in Sources */,
				9350D7EF1D69CB2D00EC0EAD /* AppDelegate.m in Sources */,
				9350DC7A1D69CBFE00EC0EAD /* MASLayoutConstraint.m in Sources */,
				9350D7EC1D69CB2D00EC0EAD /* main.m in Sources */,
				9350DC801D69CBFE00EC0EAD /* ViewController+MASAdditions.m in Sources */,
				9350DC7F1D69CBFE00EC0EAD /* View+MASAdditions.m in Sources */,
				9350DC7B1D69CBFE00EC0EAD /* MASViewAttribute.m in Sources */,
				9350DC781D69CBFE00EC0EAD /* MASConstraint.m in Sources */,
				9350DC791D69CBFE00EC0EAD /* MASConstraintMaker.m in Sources */,
			);
			runOnlyForDeploymentPostprocessing = 0;
		};
/* End PBXSourcesBuildPhase section */

/* Begin PBXVariantGroup section */
		9350D7F31D69CB2D00EC0EAD /* Main.storyboard */ = {
			isa = PBXVariantGroup;
			children = (
				9350D7F41D69CB2D00EC0EAD /* Base */,
			);
			name = Main.storyboard;
			sourceTree = "<group>";
		};
		9350D7F81D69CB2D00EC0EAD /* LaunchScreen.storyboard */ = {
			isa = PBXVariantGroup;
			children = (
				9350D7F91D69CB2D00EC0EAD /* Base */,
			);
			name = LaunchScreen.storyboard;
			sourceTree = "<group>";
		};
/* End PBXVariantGroup section */

/* Begin XCBuildConfiguration section */
		9350D7FC1D69CB2D00EC0EAD /* Debug */ = {
			isa = XCBuildConfiguration;
			buildSettings = {
				ALWAYS_SEARCH_USER_PATHS = NO;
				CLANG_ANALYZER_NONNULL = YES;
				CLANG_CXX_LANGUAGE_STANDARD = "gnu++0x";
				CLANG_CXX_LIBRARY = "libc++";
				CLANG_ENABLE_MODULES = YES;
				CLANG_ENABLE_OBJC_ARC = YES;
				CLANG_WARN_BOOL_CONVERSION = YES;
				CLANG_WARN_CONSTANT_CONVERSION = YES;
				CLANG_WARN_DIRECT_OBJC_ISA_USAGE = YES_ERROR;
				CLANG_WARN_EMPTY_BODY = YES;
				CLANG_WARN_ENUM_CONVERSION = YES;
				CLANG_WARN_INT_CONVERSION = YES;
				CLANG_WARN_OBJC_ROOT_CLASS = YES_ERROR;
				CLANG_WARN_UNREACHABLE_CODE = YES;
				CLANG_WARN__DUPLICATE_METHOD_MATCH = YES;
				"CODE_SIGN_IDENTITY[sdk=iphoneos*]" = "iPhone Developer";
				COPY_PHASE_STRIP = NO;
				DEBUG_INFORMATION_FORMAT = dwarf;
				ENABLE_STRICT_OBJC_MSGSEND = YES;
				ENABLE_TESTABILITY = YES;
				GCC_C_LANGUAGE_STANDARD = gnu99;
				GCC_DYNAMIC_NO_PIC = NO;
				GCC_NO_COMMON_BLOCKS = YES;
				GCC_OPTIMIZATION_LEVEL = 0;
				GCC_PREPROCESSOR_DEFINITIONS = (
					"DEBUG=1",
					"$(inherited)",
				);
				GCC_WARN_64_TO_32_BIT_CONVERSION = YES;
				GCC_WARN_ABOUT_RETURN_TYPE = YES_ERROR;
				GCC_WARN_UNDECLARED_SELECTOR = YES;
				GCC_WARN_UNINITIALIZED_AUTOS = YES_AGGRESSIVE;
				GCC_WARN_UNUSED_FUNCTION = YES;
				GCC_WARN_UNUSED_VARIABLE = YES;
				IPHONEOS_DEPLOYMENT_TARGET = 9.3;
				MTL_ENABLE_DEBUG_INFO = YES;
				ONLY_ACTIVE_ARCH = YES;
				SDKROOT = iphoneos;
				TARGETED_DEVICE_FAMILY = "1,2";
			};
			name = Debug;
		};
		9350D7FD1D69CB2D00EC0EAD /* Release */ = {
			isa = XCBuildConfiguration;
			buildSettings = {
				ALWAYS_SEARCH_USER_PATHS = NO;
				CLANG_ANALYZER_NONNULL = YES;
				CLANG_CXX_LANGUAGE_STANDARD = "gnu++0x";
				CLANG_CXX_LIBRARY = "libc++";
				CLANG_ENABLE_MODULES = YES;
				CLANG_ENABLE_OBJC_ARC = YES;
				CLANG_WARN_BOOL_CONVERSION = YES;
				CLANG_WARN_CONSTANT_CONVERSION = YES;
				CLANG_WARN_DIRECT_OBJC_ISA_USAGE = YES_ERROR;
				CLANG_WARN_EMPTY_BODY = YES;
				CLANG_WARN_ENUM_CONVERSION = YES;
				CLANG_WARN_INT_CONVERSION = YES;
				CLANG_WARN_OBJC_ROOT_CLASS = YES_ERROR;
				CLANG_WARN_UNREACHABLE_CODE = YES;
				CLANG_WARN__DUPLICATE_METHOD_MATCH = YES;
				"CODE_SIGN_IDENTITY[sdk=iphoneos*]" = "iPhone Developer";
				COPY_PHASE_STRIP = NO;
				DEBUG_INFORMATION_FORMAT = "dwarf-with-dsym";
				ENABLE_NS_ASSERTIONS = NO;
				ENABLE_STRICT_OBJC_MSGSEND = YES;
				GCC_C_LANGUAGE_STANDARD = gnu99;
				GCC_NO_COMMON_BLOCKS = YES;
				GCC_WARN_64_TO_32_BIT_CONVERSION = YES;
				GCC_WARN_ABOUT_RETURN_TYPE = YES_ERROR;
				GCC_WARN_UNDECLARED_SELECTOR = YES;
				GCC_WARN_UNINITIALIZED_AUTOS = YES_AGGRESSIVE;
				GCC_WARN_UNUSED_FUNCTION = YES;
				GCC_WARN_UNUSED_VARIABLE = YES;
				IPHONEOS_DEPLOYMENT_TARGET = 9.3;
				MTL_ENABLE_DEBUG_INFO = NO;
				SDKROOT = iphoneos;
				TARGETED_DEVICE_FAMILY = "1,2";
				VALIDATE_PRODUCT = YES;
			};
			name = Release;
		};
		9350D7FF1D69CB2D00EC0EAD /* Debug */ = {
			isa = XCBuildConfiguration;
			buildSettings = {
				ASSETCATALOG_COMPILER_APPICON_NAME = AppIcon;
				ASSETCATALOG_COMPILER_LAUNCHIMAGE_NAME = "Brand Assets";
				INFOPLIST_FILE = "sizeClass代码/Info.plist";
				LD_RUNPATH_SEARCH_PATHS = "$(inherited) @executable_path/Frameworks";
				PRODUCT_BUNDLE_IDENTIFIER = "cn.rujianbin.sizeClass--";
				PRODUCT_NAME = "$(TARGET_NAME)";
				TARGETED_DEVICE_FAMILY = 1;
			};
			name = Debug;
		};
		9350D8001D69CB2D00EC0EAD /* Release */ = {
			isa = XCBuildConfiguration;
			buildSettings = {
				ASSETCATALOG_COMPILER_APPICON_NAME = AppIcon;
				ASSETCATALOG_COMPILER_LAUNCHIMAGE_NAME = "Brand Assets";
				INFOPLIST_FILE = "sizeClass代码/Info.plist";
				LD_RUNPATH_SEARCH_PATHS = "$(inherited) @executable_path/Frameworks";
				PRODUCT_BUNDLE_IDENTIFIER = "cn.rujianbin.sizeClass--";
				PRODUCT_NAME = "$(TARGET_NAME)";
				TARGETED_DEVICE_FAMILY = 1;
			};
			name = Release;
		};
/* End XCBuildConfiguration section */

/* Begin XCConfigurationList section */
		9350D7E21D69CB2D00EC0EAD /* Build configuration list for PBXProject "sizeClass代码" */ = {
			isa = XCConfigurationList;
			buildConfigurations = (
				9350D7FC1D69CB2D00EC0EAD /* Debug */,
				9350D7FD1D69CB2D00EC0EAD /* Release */,
			);
			defaultConfigurationIsVisible = 0;
			defaultConfigurationName = Release;
		};
		9350D7FE1D69CB2D00EC0EAD /* Build configuration list for PBXNativeTarget "sizeClass代码" */ = {
			isa = XCConfigurationList;
			buildConfigurations = (
				9350D7FF1D69CB2D00EC0EAD /* Debug */,
				9350D8001D69CB2D00EC0EAD /* Release */,
			);
			defaultConfigurationIsVisible = 0;
		};
/* End XCConfigurationList section */
	};
	rootObject = 9350D7DF1D69CB2D00EC0EAD /* Project object */;
}
